// !$*UTF8*$!
{
	archiveVersion = 1;
	classes = {
	};
	objectVersion = 51;
	objects = {

/* Begin PBXBuildFile section */
		466A4EF522CBE61FA0EC0ADC /* Pods_Parstagram_ParstagramUITests.framework in Frameworks */ = {isa = PBXBuildFile; fileRef = 5B583DE8BDE2F533016D9B4F /* Pods_Parstagram_ParstagramUITests.framework */; };
		4911AD012604E39B00CBC3C6 /* CameraViewController.swift in Sources */ = {isa = PBXBuildFile; fileRef = 4911AD002604E39B00CBC3C6 /* CameraViewController.swift */; };
		4911AD112604F25500CBC3C6 /* PostCell.swift in Sources */ = {isa = PBXBuildFile; fileRef = 4911AD102604F25500CBC3C6 /* PostCell.swift */; };
		49B94AAF25FDD3CF00643206 /* AppDelegate.swift in Sources */ = {isa = PBXBuildFile; fileRef = 49B94AAE25FDD3CF00643206 /* AppDelegate.swift */; };
		49B94AB125FDD3CF00643206 /* SceneDelegate.swift in Sources */ = {isa = PBXBuildFile; fileRef = 49B94AB025FDD3CF00643206 /* SceneDelegate.swift */; };
		49B94AB625FDD3CF00643206 /* Main.storyboard in Resources */ = {isa = PBXBuildFile; fileRef = 49B94AB425FDD3CF00643206 /* Main.storyboard */; };
		49B94AB825FDD3DB00643206 /* Assets.xcassets in Resources */ = {isa = PBXBuildFile; fileRef = 49B94AB725FDD3DB00643206 /* Assets.xcassets */; };
		49B94ABB25FDD3DB00643206 /* LaunchScreen.storyboard in Resources */ = {isa = PBXBuildFile; fileRef = 49B94AB925FDD3DB00643206 /* LaunchScreen.storyboard */; };
		49B94AC625FDD3DC00643206 /* ParstagramTests.swift in Sources */ = {isa = PBXBuildFile; fileRef = 49B94AC525FDD3DC00643206 /* ParstagramTests.swift */; };
		49B94AD125FDD3DC00643206 /* ParstagramUITests.swift in Sources */ = {isa = PBXBuildFile; fileRef = 49B94AD025FDD3DC00643206 /* ParstagramUITests.swift */; };
		49B94AEE25FDDD0800643206 /* LoginViewController.swift in Sources */ = {isa = PBXBuildFile; fileRef = 49B94AED25FDDD0800643206 /* LoginViewController.swift */; };
		49B94AF625FDDD2000643206 /* FeedViewController.swift in Sources */ = {isa = PBXBuildFile; fileRef = 49B94AF525FDDD2000643206 /* FeedViewController.swift */; };
		693B415340C3C9B04F7030BC /* Pods_ParstagramTests.framework in Frameworks */ = {isa = PBXBuildFile; fileRef = 423B8826229E8B6126C08AE7 /* Pods_ParstagramTests.framework */; };
		DF0F5D057E4EC4E6FF20B485 /* Pods_Parstagram.framework in Frameworks */ = {isa = PBXBuildFile; fileRef = 14A33753C83241B62752012F /* Pods_Parstagram.framework */; };
/* End PBXBuildFile section */

/* Begin PBXContainerItemProxy section */
		49B94AC225FDD3DC00643206 /* PBXContainerItemProxy */ = {
			isa = PBXContainerItemProxy;
			containerPortal = 49B94AA325FDD3CF00643206 /* Project object */;
			proxyType = 1;
			remoteGlobalIDString = 49B94AAA25FDD3CF00643206;
			remoteInfo = Parstagram;
		};
		49B94ACD25FDD3DC00643206 /* PBXContainerItemProxy */ = {
			isa = PBXContainerItemProxy;
			containerPortal = 49B94AA325FDD3CF00643206 /* Project object */;
			proxyType = 1;
			remoteGlobalIDString = 49B94AAA25FDD3CF00643206;
			remoteInfo = Parstagram;
		};
/* End PBXContainerItemProxy section */

/* Begin PBXFileReference section */
		14A33753C83241B62752012F /* Pods_Parstagram.framework */ = {isa = PBXFileReference; explicitFileType = wrapper.framework; includeInIndex = 0; path = Pods_Parstagram.framework; sourceTree = BUILT_PRODUCTS_DIR; };
		183B333D347288B42A5DF353 /* Pods-Parstagram.release.xcconfig */ = {isa = PBXFileReference; includeInIndex = 1; lastKnownFileType = text.xcconfig; name = "Pods-Parstagram.release.xcconfig"; path = "Target Support Files/Pods-Parstagram/Pods-Parstagram.release.xcconfig"; sourceTree = "<group>"; };
		2F83095405F18577EC0594BB /* Pods-ParstagramTests.debug.xcconfig */ = {isa = PBXFileReference; includeInIndex = 1; lastKnownFileType = text.xcconfig; name = "Pods-ParstagramTests.debug.xcconfig"; path = "Target Support Files/Pods-ParstagramTests/Pods-ParstagramTests.debug.xcconfig"; sourceTree = "<group>"; };
		423B8826229E8B6126C08AE7 /* Pods_ParstagramTests.framework */ = {isa = PBXFileReference; explicitFileType = wrapper.framework; includeInIndex = 0; path = Pods_ParstagramTests.framework; sourceTree = BUILT_PRODUCTS_DIR; };
		4911AD002604E39B00CBC3C6 /* CameraViewController.swift */ = {isa = PBXFileReference; lastKnownFileType = sourcecode.swift; path = CameraViewController.swift; sourceTree = "<group>"; };
		4911AD102604F25500CBC3C6 /* PostCell.swift */ = {isa = PBXFileReference; lastKnownFileType = sourcecode.swift; path = PostCell.swift; sourceTree = "<group>"; };
		49B94AAB25FDD3CF00643206 /* Parstagram.app */ = {isa = PBXFileReference; explicitFileType = wrapper.application; includeInIndex = 0; path = Parstagram.app; sourceTree = BUILT_PRODUCTS_DIR; };
		49B94AAE25FDD3CF00643206 /* AppDelegate.swift */ = {isa = PBXFileReference; lastKnownFileType = sourcecode.swift; path = AppDelegate.swift; sourceTree = "<group>"; };
		49B94AB025FDD3CF00643206 /* SceneDelegate.swift */ = {isa = PBXFileReference; lastKnownFileType = sourcecode.swift; path = SceneDelegate.swift; sourceTree = "<group>"; };
		49B94AB525FDD3CF00643206 /* Base */ = {isa = PBXFileReference; lastKnownFileType = file.storyboard; name = Base; path = Base.lproj/Main.storyboard; sourceTree = "<group>"; };
		49B94AB725FDD3DB00643206 /* Assets.xcassets */ = {isa = PBXFileReference; lastKnownFileType = folder.assetcatalog; path = Assets.xcassets; sourceTree = "<group>"; };
		49B94ABA25FDD3DB00643206 /* Base */ = {isa = PBXFileReference; lastKnownFileType = file.storyboard; name = Base; path = Base.lproj/LaunchScreen.storyboard; sourceTree = "<group>"; };
		49B94ABC25FDD3DB00643206 /* Info.plist */ = {isa = PBXFileReference; lastKnownFileType = text.plist.xml; path = Info.plist; sourceTree = "<group>"; };
		49B94AC125FDD3DC00643206 /* ParstagramTests.xctest */ = {isa = PBXFileReference; explicitFileType = wrapper.cfbundle; includeInIndex = 0; path = ParstagramTests.xctest; sourceTree = BUILT_PRODUCTS_DIR; };
		49B94AC525FDD3DC00643206 /* ParstagramTests.swift */ = {isa = PBXFileReference; lastKnownFileType = sourcecode.swift; path = ParstagramTests.swift; sourceTree = "<group>"; };
		49B94AC725FDD3DC00643206 /* Info.plist */ = {isa = PBXFileReference; lastKnownFileType = text.plist.xml; path = Info.plist; sourceTree = "<group>"; };
		49B94ACC25FDD3DC00643206 /* ParstagramUITests.xctest */ = {isa = PBXFileReference; explicitFileType = wrapper.cfbundle; includeInIndex = 0; path = ParstagramUITests.xctest; sourceTree = BUILT_PRODUCTS_DIR; };
		49B94AD025FDD3DC00643206 /* ParstagramUITests.swift */ = {isa = PBXFileReference; lastKnownFileType = sourcecode.swift; path = ParstagramUITests.swift; sourceTree = "<group>"; };
		49B94AD225FDD3DC00643206 /* Info.plist */ = {isa = PBXFileReference; lastKnownFileType = text.plist.xml; path = Info.plist; sourceTree = "<group>"; };
		49B94AED25FDDD0800643206 /* LoginViewController.swift */ = {isa = PBXFileReference; lastKnownFileType = sourcecode.swift; path = LoginViewController.swift; sourceTree = "<group>"; };
		49B94AF525FDDD2000643206 /* FeedViewController.swift */ = {isa = PBXFileReference; lastKnownFileType = sourcecode.swift; path = FeedViewController.swift; sourceTree = "<group>"; };
		5B583DE8BDE2F533016D9B4F /* Pods_Parstagram_ParstagramUITests.framework */ = {isa = PBXFileReference; explicitFileType = wrapper.framework; includeInIndex = 0; path = Pods_Parstagram_ParstagramUITests.framework; sourceTree = BUILT_PRODUCTS_DIR; };
		6086B28A7AF1A4DB61DBDE78 /* Pods-ParstagramTests.release.xcconfig */ = {isa = PBXFileReference; includeInIndex = 1; lastKnownFileType = text.xcconfig; name = "Pods-ParstagramTests.release.xcconfig"; path = "Target Support Files/Pods-ParstagramTests/Pods-ParstagramTests.release.xcconfig"; sourceTree = "<group>"; };
		6E545AC032B74A52E65A5601 /* Pods-Parstagram-ParstagramUITests.debug.xcconfig */ = {isa = PBXFileReference; includeInIndex = 1; lastKnownFileType = text.xcconfig; name = "Pods-Parstagram-ParstagramUITests.debug.xcconfig"; path = "Target Support Files/Pods-Parstagram-ParstagramUITests/Pods-Parstagram-ParstagramUITests.debug.xcconfig"; sourceTree = "<group>"; };
		6EDCFABF8D6B5668B297D502 /* Pods-Parstagram.debug.xcconfig */ = {isa = PBXFileReference; includeInIndex = 1; lastKnownFileType = text.xcconfig; name = "Pods-Parstagram.debug.xcconfig"; path = "Target Support Files/Pods-Parstagram/Pods-Parstagram.debug.xcconfig"; sourceTree = "<group>"; };
		B91C4F9D5722DB804C335F82 /* Pods-Parstagram-ParstagramUITests.release.xcconfig */ = {isa = PBXFileReference; includeInIndex = 1; lastKnownFileType = text.xcconfig; name = "Pods-Parstagram-ParstagramUITests.release.xcconfig"; path = "Target Support Files/Pods-Parstagram-ParstagramUITests/Pods-Parstagram-ParstagramUITests.release.xcconfig"; sourceTree = "<group>"; };
/* End PBXFileReference section */

/* Begin PBXFrameworksBuildPhase section */
		49B94AA825FDD3CF00643206 /* Frameworks */ = {
			isa = PBXFrameworksBuildPhase;
			buildActionMask = 2147483647;
			files = (
				DF0F5D057E4EC4E6FF20B485 /* Pods_Parstagram.framework in Frameworks */,
			);
			runOnlyForDeploymentPostprocessing = 0;
		};
		49B94ABE25FDD3DC00643206 /* Frameworks */ = {
			isa = PBXFrameworksBuildPhase;
			buildActionMask = 2147483647;
			files = (
				693B415340C3C9B04F7030BC /* Pods_ParstagramTests.framework in Frameworks */,
			);
			runOnlyForDeploymentPostprocessing = 0;
		};
		49B94AC925FDD3DC00643206 /* Frameworks */ = {
			isa = PBXFrameworksBuildPhase;
			buildActionMask = 2147483647;
			files = (
				466A4EF522CBE61FA0EC0ADC /* Pods_Parstagram_ParstagramUITests.framework in Frameworks */,
			);
			runOnlyForDeploymentPostprocessing = 0;
		};
/* End PBXFrameworksBuildPhase section */

/* Begin PBXGroup section */
		49B94AA225FDD3CF00643206 = {
			isa = PBXGroup;
			children = (
				49B94AAD25FDD3CF00643206 /* Parstagram */,
				49B94AC425FDD3DC00643206 /* ParstagramTests */,
				49B94ACF25FDD3DC00643206 /* ParstagramUITests */,
				49B94AAC25FDD3CF00643206 /* Products */,
				EE63045F369C42047F4643B5 /* Pods */,
				E630D9DB01808C977D8211DD /* Frameworks */,
			);
			sourceTree = "<group>";
		};
		49B94AAC25FDD3CF00643206 /* Products */ = {
			isa = PBXGroup;
			children = (
				49B94AAB25FDD3CF00643206 /* Parstagram.app */,
				49B94AC125FDD3DC00643206 /* ParstagramTests.xctest */,
				49B94ACC25FDD3DC00643206 /* ParstagramUITests.xctest */,
			);
			name = Products;
			sourceTree = "<group>";
		};
		49B94AAD25FDD3CF00643206 /* Parstagram */ = {
			isa = PBXGroup;
			children = (
				49B94AAE25FDD3CF00643206 /* AppDelegate.swift */,
				49B94AB025FDD3CF00643206 /* SceneDelegate.swift */,
				49B94AB425FDD3CF00643206 /* Main.storyboard */,
				49B94AB725FDD3DB00643206 /* Assets.xcassets */,
				49B94AB925FDD3DB00643206 /* LaunchScreen.storyboard */,
				49B94ABC25FDD3DB00643206 /* Info.plist */,
				49B94AED25FDDD0800643206 /* LoginViewController.swift */,
				49B94AF525FDDD2000643206 /* FeedViewController.swift */,
				4911AD002604E39B00CBC3C6 /* CameraViewController.swift */,
				4911AD102604F25500CBC3C6 /* PostCell.swift */,
			);
			path = Parstagram;
			sourceTree = "<group>";
		};
		49B94AC425FDD3DC00643206 /* ParstagramTests */ = {
			isa = PBXGroup;
			children = (
				49B94AC525FDD3DC00643206 /* ParstagramTests.swift */,
				49B94AC725FDD3DC00643206 /* Info.plist */,
			);
			path = ParstagramTests;
			sourceTree = "<group>";
		};
		49B94ACF25FDD3DC00643206 /* ParstagramUITests */ = {
			isa = PBXGroup;
			children = (
				49B94AD025FDD3DC00643206 /* ParstagramUITests.swift */,
				49B94AD225FDD3DC00643206 /* Info.plist */,
			);
			path = ParstagramUITests;
			sourceTree = "<group>";
		};
		E630D9DB01808C977D8211DD /* Frameworks */ = {
			isa = PBXGroup;
			children = (
				14A33753C83241B62752012F /* Pods_Parstagram.framework */,
				5B583DE8BDE2F533016D9B4F /* Pods_Parstagram_ParstagramUITests.framework */,
				423B8826229E8B6126C08AE7 /* Pods_ParstagramTests.framework */,
			);
			name = Frameworks;
			sourceTree = "<group>";
		};
		EE63045F369C42047F4643B5 /* Pods */ = {
			isa = PBXGroup;
			children = (
				6EDCFABF8D6B5668B297D502 /* Pods-Parstagram.debug.xcconfig */,
				183B333D347288B42A5DF353 /* Pods-Parstagram.release.xcconfig */,
				6E545AC032B74A52E65A5601 /* Pods-Parstagram-ParstagramUITests.debug.xcconfig */,
				B91C4F9D5722DB804C335F82 /* Pods-Parstagram-ParstagramUITests.release.xcconfig */,
				2F83095405F18577EC0594BB /* Pods-ParstagramTests.debug.xcconfig */,
				6086B28A7AF1A4DB61DBDE78 /* Pods-ParstagramTests.release.xcconfig */,
			);
			path = Pods;
			sourceTree = "<group>";
		};
/* End PBXGroup section */

/* Begin PBXNativeTarget section */
		49B94AAA25FDD3CF00643206 /* Parstagram */ = {
			isa = PBXNativeTarget;
			buildConfigurationList = 49B94AD525FDD3DC00643206 /* Build configuration list for PBXNativeTarget "Parstagram" */;
			buildPhases = (
				A64708E5169C108DC3E48610 /* [CP] Check Pods Manifest.lock */,
				49B94AA725FDD3CF00643206 /* Sources */,
				49B94AA825FDD3CF00643206 /* Frameworks */,
				49B94AA925FDD3CF00643206 /* Resources */,
				3733FA86460D19CAC679DA17 /* [CP] Embed Pods Frameworks */,
			);
			buildRules = (
			);
			dependencies = (
			);
			name = Parstagram;
			productName = Parstagram;
			productReference = 49B94AAB25FDD3CF00643206 /* Parstagram.app */;
			productType = "com.apple.product-type.application";
		};
		49B94AC025FDD3DC00643206 /* ParstagramTests */ = {
			isa = PBXNativeTarget;
			buildConfigurationList = 49B94AD825FDD3DC00643206 /* Build configuration list for PBXNativeTarget "ParstagramTests" */;
			buildPhases = (
				FE7D2A81D7DC7C67F58B79A4 /* [CP] Check Pods Manifest.lock */,
				49B94ABD25FDD3DC00643206 /* Sources */,
				49B94ABE25FDD3DC00643206 /* Frameworks */,
				49B94ABF25FDD3DC00643206 /* Resources */,
			);
			buildRules = (
			);
			dependencies = (
				49B94AC325FDD3DC00643206 /* PBXTargetDependency */,
			);
			name = ParstagramTests;
			productName = ParstagramTests;
			productReference = 49B94AC125FDD3DC00643206 /* ParstagramTests.xctest */;
			productType = "com.apple.product-type.bundle.unit-test";
		};
		49B94ACB25FDD3DC00643206 /* ParstagramUITests */ = {
			isa = PBXNativeTarget;
			buildConfigurationList = 49B94ADB25FDD3DC00643206 /* Build configuration list for PBXNativeTarget "ParstagramUITests" */;
			buildPhases = (
				77346A6B89C85D34D7D68B69 /* [CP] Check Pods Manifest.lock */,
				49B94AC825FDD3DC00643206 /* Sources */,
				49B94AC925FDD3DC00643206 /* Frameworks */,
				49B94ACA25FDD3DC00643206 /* Resources */,
				7722075AC9B3699B444BD958 /* [CP] Embed Pods Frameworks */,
			);
			buildRules = (
			);
			dependencies = (
				49B94ACE25FDD3DC00643206 /* PBXTargetDependency */,
			);
			name = ParstagramUITests;
			productName = ParstagramUITests;
			productReference = 49B94ACC25FDD3DC00643206 /* ParstagramUITests.xctest */;
			productType = "com.apple.product-type.bundle.ui-testing";
		};
/* End PBXNativeTarget section */

/* Begin PBXProject section */
		49B94AA325FDD3CF00643206 /* Project object */ = {
			isa = PBXProject;
			attributes = {
				LastSwiftUpdateCheck = 1230;
				LastUpgradeCheck = 1230;
				TargetAttributes = {
					49B94AAA25FDD3CF00643206 = {
						CreatedOnToolsVersion = 12.3;
					};
					49B94AC025FDD3DC00643206 = {
						CreatedOnToolsVersion = 12.3;
						TestTargetID = 49B94AAA25FDD3CF00643206;
					};
					49B94ACB25FDD3DC00643206 = {
						CreatedOnToolsVersion = 12.3;
						TestTargetID = 49B94AAA25FDD3CF00643206;
					};
				};
			};
			buildConfigurationList = 49B94AA625FDD3CF00643206 /* Build configuration list for PBXProject "Parstagram" */;
			compatibilityVersion = "Xcode 9.3";
			developmentRegion = en;
			hasScannedForEncodings = 0;
			knownRegions = (
				en,
				Base,
			);
			mainGroup = 49B94AA225FDD3CF00643206;
			productRefGroup = 49B94AAC25FDD3CF00643206 /* Products */;
			projectDirPath = "";
			projectRoot = "";
			targets = (
				49B94AAA25FDD3CF00643206 /* Parstagram */,
				49B94AC025FDD3DC00643206 /* ParstagramTests */,
				49B94ACB25FDD3DC00643206 /* ParstagramUITests */,
			);
		};
/* End PBXProject section */

/* Begin PBXResourcesBuildPhase section */
		49B94AA925FDD3CF00643206 /* Resources */ = {
			isa = PBXResourcesBuildPhase;
			buildActionMask = 2147483647;
			files = (
				49B94ABB25FDD3DB00643206 /* LaunchScreen.storyboard in Resources */,
				49B94AB825FDD3DB00643206 /* Assets.xcassets in Resources */,
				49B94AB625FDD3CF00643206 /* Main.storyboard in Resources */,
			);
			runOnlyForDeploymentPostprocessing = 0;
		};
		49B94ABF25FDD3DC00643206 /* Resources */ = {
			isa = PBXResourcesBuildPhase;
			buildActionMask = 2147483647;
			files = (
			);
			runOnlyForDeploymentPostprocessing = 0;
		};
		49B94ACA25FDD3DC00643206 /* Resources */ = {
			isa = PBXResourcesBuildPhase;
			buildActionMask = 2147483647;
			files = (
			);
			runOnlyForDeploymentPostprocessing = 0;
		};
/* End PBXResourcesBuildPhase section */

/* Begin PBXShellScriptBuildPhase section */
		3733FA86460D19CAC679DA17 /* [CP] Embed Pods Frameworks */ = {
			isa = PBXShellScriptBuildPhase;
			buildActionMask = 2147483647;
			files = (
			);
			inputFileListPaths = (
				"${PODS_ROOT}/Target Support Files/Pods-Parstagram/Pods-Parstagram-frameworks-${CONFIGURATION}-input-files.xcfilelist",
			);
			name = "[CP] Embed Pods Frameworks";
			outputFileListPaths = (
				"${PODS_ROOT}/Target Support Files/Pods-Parstagram/Pods-Parstagram-frameworks-${CONFIGURATION}-output-files.xcfilelist",
			);
			runOnlyForDeploymentPostprocessing = 0;
			shellPath = /bin/sh;
			shellScript = "\"${PODS_ROOT}/Target Support Files/Pods-Parstagram/Pods-Parstagram-frameworks.sh\"\n";
			showEnvVarsInLog = 0;
		};
		7722075AC9B3699B444BD958 /* [CP] Embed Pods Frameworks */ = {
			isa = PBXShellScriptBuildPhase;
			buildActionMask = 2147483647;
			files = (
			);
			inputFileListPaths = (
				"${PODS_ROOT}/Target Support Files/Pods-Parstagram-ParstagramUITests/Pods-Parstagram-ParstagramUITests-frameworks-${CONFIGURATION}-input-files.xcfilelist",
			);
			name = "[CP] Embed Pods Frameworks";
			outputFileListPaths = (
				"${PODS_ROOT}/Target Support Files/Pods-Parstagram-ParstagramUITests/Pods-Parstagram-ParstagramUITests-frameworks-${CONFIGURATION}-output-files.xcfilelist",
			);
			runOnlyForDeploymentPostprocessing = 0;
			shellPath = /bin/sh;
			shellScript = "\"${PODS_ROOT}/Target Support Files/Pods-Parstagram-ParstagramUITests/Pods-Parstagram-ParstagramUITests-frameworks.sh\"\n";
			showEnvVarsInLog = 0;
		};
		77346A6B89C85D34D7D68B69 /* [CP] Check Pods Manifest.lock */ = {
			isa = PBXShellScriptBuildPhase;
			buildActionMask = 2147483647;
			files = (
			);
			inputFileListPaths = (
			);
			inputPaths = (
				"${PODS_PODFILE_DIR_PATH}/Podfile.lock",
				"${PODS_ROOT}/Manifest.lock",
			);
			name = "[CP] Check Pods Manifest.lock";
			outputFileListPaths = (
			);
			outputPaths = (
				"$(DERIVED_FILE_DIR)/Pods-Parstagram-ParstagramUITests-checkManifestLockResult.txt",
			);
			runOnlyForDeploymentPostprocessing = 0;
			shellPath = /bin/sh;
			shellScript = "diff \"${PODS_PODFILE_DIR_PATH}/Podfile.lock\" \"${PODS_ROOT}/Manifest.lock\" > /dev/null\nif [ $? != 0 ] ; then\n    # print error to STDERR\n    echo \"error: The sandbox is not in sync with the Podfile.lock. Run 'pod install' or update your CocoaPods installation.\" >&2\n    exit 1\nfi\n# This output is used by Xcode 'outputs' to avoid re-running this script phase.\necho \"SUCCESS\" > \"${SCRIPT_OUTPUT_FILE_0}\"\n";
			showEnvVarsInLog = 0;
		};
		A64708E5169C108DC3E48610 /* [CP] Check Pods Manifest.lock */ = {
			isa = PBXShellScriptBuildPhase;
			buildActionMask = 2147483647;
			files = (
			);
			inputFileListPaths = (
			);
			inputPaths = (
				"${PODS_PODFILE_DIR_PATH}/Podfile.lock",
				"${PODS_ROOT}/Manifest.lock",
			);
			name = "[CP] Check Pods Manifest.lock";
			outputFileListPaths = (
			);
			outputPaths = (
				"$(DERIVED_FILE_DIR)/Pods-Parstagram-checkManifestLockResult.txt",
			);
			runOnlyForDeploymentPostprocessing = 0;
			shellPath = /bin/sh;
			shellScript = "diff \"${PODS_PODFILE_DIR_PATH}/Podfile.lock\" \"${PODS_ROOT}/Manifest.lock\" > /dev/null\nif [ $? != 0 ] ; then\n    # print error to STDERR\n    echo \"error: The sandbox is not in sync with the Podfile.lock. Run 'pod install' or update your CocoaPods installation.\" >&2\n    exit 1\nfi\n# This output is used by Xcode 'outputs' to avoid re-running this script phase.\necho \"SUCCESS\" > \"${SCRIPT_OUTPUT_FILE_0}\"\n";
			showEnvVarsInLog = 0;
		};
		FE7D2A81D7DC7C67F58B79A4 /* [CP] Check Pods Manifest.lock */ = {
			isa = PBXShellScriptBuildPhase;
			buildActionMask = 2147483647;
			files = (
			);
			inputFileListPaths = (
			);
			inputPaths = (
				"${PODS_PODFILE_DIR_PATH}/Podfile.lock",
				"${PODS_ROOT}/Manifest.lock",
			);
			name = "[CP] Check Pods Manifest.lock";
			outputFileListPaths = (
			);
			outputPaths = (
				"$(DERIVED_FILE_DIR)/Pods-ParstagramTests-checkManifestLockResult.txt",
			);
			runOnlyForDeploymentPostprocessing = 0;
			shellPath = /bin/sh;
			shellScript = "diff \"${PODS_PODFILE_DIR_PATH}/Podfile.lock\" \"${PODS_ROOT}/Manifest.lock\" > /dev/null\nif [ $? != 0 ] ; then\n    # print error to STDERR\n    echo \"error: The sandbox is not in sync with the Podfile.lock. Run 'pod install' or update your CocoaPods installation.\" >&2\n    exit 1\nfi\n# This output is used by Xcode 'outputs' to avoid re-running this script phase.\necho \"SUCCESS\" > \"${SCRIPT_OUTPUT_FILE_0}\"\n";
			showEnvVarsInLog = 0;
		};
/* End PBXShellScriptBuildPhase section */

/* Begin PBXSourcesBuildPhase section */
		49B94AA725FDD3CF00643206 /* Sources */ = {
			isa = PBXSourcesBuildPhase;
			buildActionMask = 2147483647;
			files = (
				49B94AEE25FDDD0800643206 /* LoginViewController.swift in Sources */,
				4911AD012604E39B00CBC3C6 /* CameraViewController.swift in Sources */,
				49B94AAF25FDD3CF00643206 /* AppDelegate.swift in Sources */,
				49B94AF625FDDD2000643206 /* FeedViewController.swift in Sources */,
				49B94AB125FDD3CF00643206 /* SceneDelegate.swift in Sources */,
				4911AD112604F25500CBC3C6 /* PostCell.swift in Sources */,
			);
			runOnlyForDeploymentPostprocessing = 0;
		};
		49B94ABD25FDD3DC00643206 /* Sources */ = {
			isa = PBXSourcesBuildPhase;
			buildActionMask = 2147483647;
			files = (
				49B94AC625FDD3DC00643206 /* ParstagramTests.swift in Sources */,
			);
			runOnlyForDeploymentPostprocessing = 0;
		};
		49B94AC825FDD3DC00643206 /* Sources */ = {
			isa = PBXSourcesBuildPhase;
			buildActionMask = 2147483647;
			files = (
				49B94AD125FDD3DC00643206 /* ParstagramUITests.swift in Sources */,
			);
			runOnlyForDeploymentPostprocessing = 0;
		};
/* End PBXSourcesBuildPhase section */

/* Begin PBXTargetDependency section */
		49B94AC325FDD3DC00643206 /* PBXTargetDependency */ = {
			isa = PBXTargetDependency;
			target = 49B94AAA25FDD3CF00643206 /* Parstagram */;
			targetProxy = 49B94AC225FDD3DC00643206 /* PBXContainerItemProxy */;
		};
		49B94ACE25FDD3DC00643206 /* PBXTargetDependency */ = {
			isa = PBXTargetDependency;
			target = 49B94AAA25FDD3CF00643206 /* Parstagram */;
			targetProxy = 49B94ACD25FDD3DC00643206 /* PBXContainerItemProxy */;
		};
/* End PBXTargetDependency section */

/* Begin PBXVariantGroup section */
		49B94AB425FDD3CF00643206 /* Main.storyboard */ = {
			isa = PBXVariantGroup;
			children = (
				49B94AB525FDD3CF00643206 /* Base */,
			);
			name = Main.storyboard;
			sourceTree = "<group>";
		};
		49B94AB925FDD3DB00643206 /* LaunchScreen.storyboard */ = {
			isa = PBXVariantGroup;
			children = (
				49B94ABA25FDD3DB00643206 /* Base */,
			);
			name = LaunchScreen.storyboard;
			sourceTree = "<group>";
		};
/* End PBXVariantGroup section */

/* Begin XCBuildConfiguration section */
		49B94AD325FDD3DC00643206 /* Debug */ = {
			isa = XCBuildConfiguration;
			buildSettings = {
				ALWAYS_SEARCH_USER_PATHS = NO;
				CLANG_ANALYZER_NONNULL = YES;
				CLANG_ANALYZER_NUMBER_OBJECT_CONVERSION = YES_AGGRESSIVE;
				CLANG_CXX_LANGUAGE_STANDARD = "gnu++14";
				CLANG_CXX_LIBRARY = "libc++";
				CLANG_ENABLE_MODULES = YES;
				CLANG_ENABLE_OBJC_ARC = YES;
				CLANG_ENABLE_OBJC_WEAK = YES;
				CLANG_WARN_BLOCK_CAPTURE_AUTORELEASING = YES;
				CLANG_WARN_BOOL_CONVERSION = YES;
				CLANG_WARN_COMMA = YES;
				CLANG_WARN_CONSTANT_CONVERSION = YES;
				CLANG_WARN_DEPRECATED_OBJC_IMPLEMENTATIONS = YES;
				CLANG_WARN_DIRECT_OBJC_ISA_USAGE = YES_ERROR;
				CLANG_WARN_DOCUMENTATION_COMMENTS = YES;
				CLANG_WARN_EMPTY_BODY = YES;
				CLANG_WARN_ENUM_CONVERSION = YES;
				CLANG_WARN_INFINITE_RECURSION = YES;
				CLANG_WARN_INT_CONVERSION = YES;
				CLANG_WARN_NON_LITERAL_NULL_CONVERSION = YES;
				CLANG_WARN_OBJC_IMPLICIT_RETAIN_SELF = YES;
				CLANG_WARN_OBJC_LITERAL_CONVERSION = YES;
				CLANG_WARN_OBJC_ROOT_CLASS = YES_ERROR;
				CLANG_WARN_QUOTED_INCLUDE_IN_FRAMEWORK_HEADER = YES;
				CLANG_WARN_RANGE_LOOP_ANALYSIS = YES;
				CLANG_WARN_STRICT_PROTOTYPES = YES;
				CLANG_WARN_SUSPICIOUS_MOVE = YES;
				CLANG_WARN_UNGUARDED_AVAILABILITY = YES_AGGRESSIVE;
				CLANG_WARN_UNREACHABLE_CODE = YES;
				CLANG_WARN__DUPLICATE_METHOD_MATCH = YES;
				COPY_PHASE_STRIP = NO;
				DEBUG_INFORMATION_FORMAT = dwarf;
				ENABLE_STRICT_OBJC_MSGSEND = YES;
				ENABLE_TESTABILITY = YES;
				GCC_C_LANGUAGE_STANDARD = gnu11;
				GCC_DYNAMIC_NO_PIC = NO;
				GCC_NO_COMMON_BLOCKS = YES;
				GCC_OPTIMIZATION_LEVEL = 0;
				GCC_PREPROCESSOR_DEFINITIONS = (
					"DEBUG=1",
					"$(inherited)",
				);
				GCC_WARN_64_TO_32_BIT_CONVERSION = YES;
				GCC_WARN_ABOUT_RETURN_TYPE = YES_ERROR;
				GCC_WARN_UNDECLARED_SELECTOR = YES;
				GCC_WARN_UNINITIALIZED_AUTOS = YES_AGGRESSIVE;
				GCC_WARN_UNUSED_FUNCTION = YES;
				GCC_WARN_UNUSED_VARIABLE = YES;
				IPHONEOS_DEPLOYMENT_TARGET = 14.3;
				MTL_ENABLE_DEBUG_INFO = INCLUDE_SOURCE;
				MTL_FAST_MATH = YES;
				ONLY_ACTIVE_ARCH = YES;
				SDKROOT = iphoneos;
				SWIFT_ACTIVE_COMPILATION_CONDITIONS = DEBUG;
				SWIFT_OPTIMIZATION_LEVEL = "-Onone";
			};
			name = Debug;
		};
		49B94AD425FDD3DC00643206 /* Release */ = {
			isa = XCBuildConfiguration;
			buildSettings = {
				ALWAYS_SEARCH_USER_PATHS = NO;
				CLANG_ANALYZER_NONNULL = YES;
				CLANG_ANALYZER_NUMBER_OBJECT_CONVERSION = YES_AGGRESSIVE;
				CLANG_CXX_LANGUAGE_STANDARD = "gnu++14";
				CLANG_CXX_LIBRARY = "libc++";
				CLANG_ENABLE_MODULES = YES;
				CLANG_ENABLE_OBJC_ARC = YES;
				CLANG_ENABLE_OBJC_WEAK = YES;
				CLANG_WARN_BLOCK_CAPTURE_AUTORELEASING = YES;
				CLANG_WARN_BOOL_CONVERSION = YES;
				CLANG_WARN_COMMA = YES;
				CLANG_WARN_CONSTANT_CONVERSION = YES;
				CLANG_WARN_DEPRECATED_OBJC_IMPLEMENTATIONS = YES;
				CLANG_WARN_DIRECT_OBJC_ISA_USAGE = YES_ERROR;
				CLANG_WARN_DOCUMENTATION_COMMENTS = YES;
				CLANG_WARN_EMPTY_BODY = YES;
				CLANG_WARN_ENUM_CONVERSION = YES;
				CLANG_WARN_INFINITE_RECURSION = YES;
				CLANG_WARN_INT_CONVERSION = YES;
				CLANG_WARN_NON_LITERAL_NULL_CONVERSION = YES;
				CLANG_WARN_OBJC_IMPLICIT_RETAIN_SELF = YES;
				CLANG_WARN_OBJC_LITERAL_CONVERSION = YES;
				CLANG_WARN_OBJC_ROOT_CLASS = YES_ERROR;
				CLANG_WARN_QUOTED_INCLUDE_IN_FRAMEWORK_HEADER = YES;
				CLANG_WARN_RANGE_LOOP_ANALYSIS = YES;
				CLANG_WARN_STRICT_PROTOTYPES = YES;
				CLANG_WARN_SUSPICIOUS_MOVE = YES;
				CLANG_WARN_UNGUARDED_AVAILABILITY = YES_AGGRESSIVE;
				CLANG_WARN_UNREACHABLE_CODE = YES;
				CLANG_WARN__DUPLICATE_METHOD_MATCH = YES;
				COPY_PHASE_STRIP = NO;
				DEBUG_INFORMATION_FORMAT = "dwarf-with-dsym";
				ENABLE_NS_ASSERTIONS = NO;
				ENABLE_STRICT_OBJC_MSGSEND = YES;
				GCC_C_LANGUAGE_STANDARD = gnu11;
				GCC_NO_COMMON_BLOCKS = YES;
				GCC_WARN_64_TO_32_BIT_CONVERSION = YES;
				GCC_WARN_ABOUT_RETURN_TYPE = YES_ERROR;
				GCC_WARN_UNDECLARED_SELECTOR = YES;
				GCC_WARN_UNINITIALIZED_AUTOS = YES_AGGRESSIVE;
				GCC_WARN_UNUSED_FUNCTION = YES;
				GCC_WARN_UNUSED_VARIABLE = YES;
				IPHONEOS_DEPLOYMENT_TARGET = 14.3;
				MTL_ENABLE_DEBUG_INFO = NO;
				MTL_FAST_MATH = YES;
				SDKROOT = iphoneos;
				SWIFT_COMPILATION_MODE = wholemodule;
				SWIFT_OPTIMIZATION_LEVEL = "-O";
				VALIDATE_PRODUCT = YES;
			};
			name = Release;
		};
		49B94AD625FDD3DC00643206 /* Debug */ = {
			isa = XCBuildConfiguration;
			baseConfigurationReference = 6EDCFABF8D6B5668B297D502 /* Pods-Parstagram.debug.xcconfig */;
			buildSettings = {
				ASSETCATALOG_COMPILER_GLOBAL_ACCENT_COLOR_NAME = AccentColor;
				CODE_SIGN_STYLE = Automatic;
				DEVELOPMENT_TEAM = 69HN46HGW7;
				INFOPLIST_FILE = Parstagram/Info.plist;
				LD_RUNPATH_SEARCH_PATHS = (
					"$(inherited)",
					"@executable_path/Frameworks",
				);
				PRODUCT_BUNDLE_IDENTIFIER = memo.com.Parstagram;
				PRODUCT_NAME = "$(TARGET_NAME)";
				SWIFT_VERSION = 5.0;
				TARGETED_DEVICE_FAMILY = "1,2";
			};
			name = Debug;
		};
		49B94AD725FDD3DC00643206 /* Release */ = {
			isa = XCBuildConfiguration;
			baseConfigurationReference = 183B333D347288B42A5DF353 /* Pods-Parstagram.release.xcconfig */;
			buildSettings = {
				ASSETCATALOG_COMPILER_GLOBAL_ACCENT_COLOR_NAME = AccentColor;
				CODE_SIGN_STYLE = Automatic;
				DEVELOPMENT_TEAM = 69HN46HGW7;
				INFOPLIST_FILE = Parstagram/Info.plist;
				LD_RUNPATH_SEARCH_PATHS = (
					"$(inherited)",
					"@executable_path/Frameworks",
				);
				PRODUCT_BUNDLE_IDENTIFIER = memo.com.Parstagram;
				PRODUCT_NAME = "$(TARGET_NAME)";
				SWIFT_VERSION = 5.0;
				TARGETED_DEVICE_FAMILY = "1,2";
			};
			name = Release;
		};
		49B94AD925FDD3DC00643206 /* Debug */ = {
			isa = XCBuildConfiguration;
			baseConfigurationReference = 2F83095405F18577EC0594BB /* Pods-ParstagramTests.debug.xcconfig */;
			buildSettings = {
				ALWAYS_EMBED_SWIFT_STANDARD_LIBRARIES = YES;
				BUNDLE_LOADER = "$(TEST_HOST)";
				CODE_SIGN_STYLE = Automatic;
				DEVELOPMENT_TEAM = 69HN46HGW7;
				INFOPLIST_FILE = ParstagramTests/Info.plist;
				IPHONEOS_DEPLOYMENT_TARGET = 14.3;
				LD_RUNPATH_SEARCH_PATHS = (
					"$(inherited)",
					"@executable_path/Frameworks",
					"@loader_path/Frameworks",
				);
				PRODUCT_BUNDLE_IDENTIFIER = memo.com.ParstagramTests;
				PRODUCT_NAME = "$(TARGET_NAME)";
				SWIFT_VERSION = 5.0;
				TARGETED_DEVICE_FAMILY = "1,2";
				TEST_HOST = "$(BUILT_PRODUCTS_DIR)/Parstagram.app/Parstagram";
			};
			name = Debug;
		};
		49B94ADA25FDD3DC00643206 /* Release */ = {
			isa = XCBuildConfiguration;
			baseConfigurationReference = 6086B28A7AF1A4DB61DBDE78 /* Pods-ParstagramTests.release.xcconfig */;
			buildSettings = {
				ALWAYS_EMBED_SWIFT_STANDARD_LIBRARIES = YES;
				BUNDLE_LOADER = "$(TEST_HOST)";
				CODE_SIGN_STYLE = Automatic;
				DEVELOPMENT_TEAM = 69HN46HGW7;
				INFOPLIST_FILE = ParstagramTests/Info.plist;
				IPHONEOS_DEPLOYMENT_TARGET = 14.3;
				LD_RUNPATH_SEARCH_PATHS = (
					"$(inherited)",
					"@executable_path/Frameworks",
					"@loader_path/Frameworks",
				);
				PRODUCT_BUNDLE_IDENTIFIER = memo.com.ParstagramTests;
				PRODUCT_NAME = "$(TARGET_NAME)";
				SWIFT_VERSION = 5.0;
				TARGETED_DEVICE_FAMILY = "1,2";
				TEST_HOST = "$(BUILT_PRODUCTS_DIR)/Parstagram.app/Parstagram";
			};
			name = Release;
		};
		49B94ADC25FDD3DC00643206 /* Debug */ = {
			isa = XCBuildConfiguration;
			baseConfigurationReference = 6E545AC032B74A52E65A5601 /* Pods-Parstagram-ParstagramUITests.debug.xcconfig */;
			buildSettings = {
				ALWAYS_EMBED_SWIFT_STANDARD_LIBRARIES = YES;
				CODE_SIGN_STYLE = Automatic;
				DEVELOPMENT_TEAM = 69HN46HGW7;
				INFOPLIST_FILE = ParstagramUITests/Info.plist;
				LD_RUNPATH_SEARCH_PATHS = (
					"$(inherited)",
					"@executable_path/Frameworks",
					"@loader_path/Frameworks",
				);
				PRODUCT_BUNDLE_IDENTIFIER = memo.com.ParstagramUITests;
				PRODUCT_NAME = "$(TARGET_NAME)";
				SWIFT_VERSION = 5.0;
				TARGETED_DEVICE_FAMILY = "1,2";
				TEST_TARGET_NAME = Parstagram;
			};
			name = Debug;
		};
		49B94ADD25FDD3DC00643206 /* Release */ = {
			isa = XCBuildConfiguration;
			baseConfigurationReference = B91C4F9D5722DB804C335F82 /* Pods-Parstagram-ParstagramUITests.release.xcconfig */;
			buildSettings = {
				ALWAYS_EMBED_SWIFT_STANDARD_LIBRARIES = YES;
				CODE_SIGN_STYLE = Automatic;
				DEVELOPMENT_TEAM = 69HN46HGW7;
				INFOPLIST_FILE = ParstagramUITests/Info.plist;
				LD_RUNPATH_SEARCH_PATHS = (
					"$(inherited)",
					"@executable_path/Frameworks",
					"@loader_path/Frameworks",
				);
				PRODUCT_BUNDLE_IDENTIFIER = memo.com.ParstagramUITests;
				PRODUCT_NAME = "$(TARGET_NAME)";
				SWIFT_VERSION = 5.0;
				TARGETED_DEVICE_FAMILY = "1,2";
				TEST_TARGET_NAME = Parstagram;
			};
			name = Release;
		};
/* End XCBuildConfiguration section */

/* Begin XCConfigurationList section */
		49B94AA625FDD3CF00643206 /* Build configuration list for PBXProject "Parstagram" */ = {
			isa = XCConfigurationList;
			buildConfigurations = (
				49B94AD325FDD3DC00643206 /* Debug */,
				49B94AD425FDD3DC00643206 /* Release */,
			);
			defaultConfigurationIsVisible = 0;
			defaultConfigurationName = Release;
		};
		49B94AD525FDD3DC00643206 /* Build configuration list for PBXNativeTarget "Parstagram" */ = {
			isa = XCConfigurationList;
			buildConfigurations = (
				49B94AD625FDD3DC00643206 /* Debug */,
				49B94AD725FDD3DC00643206 /* Release */,
			);
			defaultConfigurationIsVisible = 0;
			defaultConfigurationName = Release;
		};
		49B94AD825FDD3DC00643206 /* Build configuration list for PBXNativeTarget "ParstagramTests" */ = {
			isa = XCConfigurationList;
			buildConfigurations = (
				49B94AD925FDD3DC00643206 /* Debug */,
				49B94ADA25FDD3DC00643206 /* Release */,
			);
			defaultConfigurationIsVisible = 0;
			defaultConfigurationName = Release;
		};
		49B94ADB25FDD3DC00643206 /* Build configuration list for PBXNativeTarget "ParstagramUITests" */ = {
			isa = XCConfigurationList;
			buildConfigurations = (
				49B94ADC25FDD3DC00643206 /* Debug */,
				49B94ADD25FDD3DC00643206 /* Release */,
			);
			defaultConfigurationIsVisible = 0;
			defaultConfigurationName = Release;
		};
/* End XCConfigurationList section */
	};
	rootObject = 49B94AA325FDD3CF00643206 /* Project object */;
}
